
Microsoft Visual Studio Solution File, Format Version 12.00
# Visual Studio Version 17
VisualStudioVersion = 17.3.32922.545
MinimumVisualStudioVersion = 10.0.40219.1
Project("{FAE04EC0-301F-11D3-BF4B-00C04F79EFBC}") = "GenTokenization.Service", "GenTokenization.Service\GenTokenization.Service.csproj", "{020B14EA-5B23-423F-9054-AF677EFF2432}"
EndProject
Global
	GlobalSection(SolutionConfigurationPlatforms) = preSolution
		Debug|Any CPU = Debug|Any CPU
		Release|Any CPU = Release|Any CPU
	EndGlobalSection
	GlobalSection(ProjectConfigurationPlatforms) = postSolution
		{020B14EA-5B23-423F-9054-AF677EFF2432}.Debug|Any CPU.ActiveCfg = Debug|Any CPU
		{020B14EA-5B23-423F-9054-AF677EFF2432}.Debug|Any CPU.Build.0 = Debug|Any CPU
		{020B14EA-5B23-423F-9054-AF677EFF2432}.Release|Any CPU.ActiveCfg = Release|Any CPU
		{020B14EA-5B23-423F-9054-AF677EFF2432}.Release|Any CPU.Build.0 = Release|Any CPU
	EndGlobalSection
	GlobalSection(SolutionProperties) = preSolution
		HideSolutionNode = FALSE
	EndGlobalSection
	GlobalSection(ExtensibilityGlobals) = postSolution
		SolutionGuid = {0BD4AE1E-9137-496A-98F9-5C9610615FA5}
	EndGlobalSection
EndGlobal
